
Microsoft Visual Studio Solution File, Format Version 12.00
# Visual Studio Version 16
VisualStudioVersion = 16.0.28803.156
MinimumVisualStudioVersion = 10.0.40219.1
Project("{9A19103F-16F7-4668-BE54-9A1E7A4F7556}") = "dwsGraph", "dwsGraph.csproj", "{ED05F1D3-8B2E-4313-A834-63CCEECA214B}"
EndProject
Global
	GlobalSection(SolutionConfigurationPlatforms) = preSolution
		Debug|Any CPU = Debug|Any CPU
		Release|Any CPU = Release|Any CPU
	EndGlobalSection
	GlobalSection(ProjectConfigurationPlatforms) = postSolution
		{ED05F1D3-8B2E-4313-A834-63CCEECA214B}.Debug|Any CPU.ActiveCfg = Debug|Any CPU
		{ED05F1D3-8B2E-4313-A834-63CCEECA214B}.Debug|Any CPU.Build.0 = Debug|Any CPU
		{ED05F1D3-8B2E-4313-A834-63CCEECA214B}.Release|Any CPU.ActiveCfg = Release|Any CPU
		{ED05F1D3-8B2E-4313-A834-63CCEECA214B}.Release|Any CPU.Build.0 = Release|Any CPU
	EndGlobalSection
	GlobalSection(SolutionProperties) = preSolution
		HideSolutionNode = FALSE
	EndGlobalSection
	GlobalSection(ExtensibilityGlobals) = postSolution
		SolutionGuid = {C05D9204-8F53-4AB1-A8D3-666C650A5309}
	EndGlobalSection
EndGlobal
